// !$*UTF8*$!
{
	archiveVersion = 1;
	classes = {
	};
	objectVersion = 50;
	objects = {

/* Begin PBXBuildFile section */
		3A38BDE4257E91A800A3674D /* AppDelegate.swift in Sources */ = {isa = PBXBuildFile; fileRef = 3A38BDE3257E91A800A3674D /* AppDelegate.swift */; };
		3A38BDE6257E91A800A3674D /* SceneDelegate.swift in Sources */ = {isa = PBXBuildFile; fileRef = 3A38BDE5257E91A800A3674D /* SceneDelegate.swift */; };
		3A38BDED257E91AC00A3674D /* Assets.xcassets in Resources */ = {isa = PBXBuildFile; fileRef = 3A38BDEC257E91AC00A3674D /* Assets.xcassets */; };
		3A38BDF0257E91AC00A3674D /* LaunchScreen.storyboard in Resources */ = {isa = PBXBuildFile; fileRef = 3A38BDEE257E91AC00A3674D /* LaunchScreen.storyboard */; };
		3A38BE0E257E9BB300A3674D /* HomeInterfaces.swift in Sources */ = {isa = PBXBuildFile; fileRef = 3A38BE08257E9BB300A3674D /* HomeInterfaces.swift */; };
		3A38BE0F257E9BB300A3674D /* HomePresenter.swift in Sources */ = {isa = PBXBuildFile; fileRef = 3A38BE09257E9BB300A3674D /* HomePresenter.swift */; };
		3A38BE10257E9BB300A3674D /* HomeViewController.swift in Sources */ = {isa = PBXBuildFile; fileRef = 3A38BE0A257E9BB300A3674D /* HomeViewController.swift */; };
		3A38BE11257E9BB300A3674D /* HomeInteractor.swift in Sources */ = {isa = PBXBuildFile; fileRef = 3A38BE0B257E9BB300A3674D /* HomeInteractor.swift */; };
		3A38BE12257E9BB300A3674D /* HomeViewController.xib in Resources */ = {isa = PBXBuildFile; fileRef = 3A38BE0C257E9BB300A3674D /* HomeViewController.xib */; };
		3A38BE13257E9BB300A3674D /* HomeWireframe.swift in Sources */ = {isa = PBXBuildFile; fileRef = 3A38BE0D257E9BB300A3674D /* HomeWireframe.swift */; };
		3A38BE1E257E9C8000A3674D /* DetailsInterfaces.swift in Sources */ = {isa = PBXBuildFile; fileRef = 3A38BE18257E9C8000A3674D /* DetailsInterfaces.swift */; };
		3A38BE1F257E9C8000A3674D /* DetailsPresenter.swift in Sources */ = {isa = PBXBuildFile; fileRef = 3A38BE19257E9C8000A3674D /* DetailsPresenter.swift */; };
		3A38BE20257E9C8000A3674D /* DetailsViewController.swift in Sources */ = {isa = PBXBuildFile; fileRef = 3A38BE1A257E9C8000A3674D /* DetailsViewController.swift */; };
		3A38BE21257E9C8000A3674D /* DetailsInteractor.swift in Sources */ = {isa = PBXBuildFile; fileRef = 3A38BE1B257E9C8000A3674D /* DetailsInteractor.swift */; };
		3A38BE22257E9C8000A3674D /* DetailsViewController.xib in Resources */ = {isa = PBXBuildFile; fileRef = 3A38BE1C257E9C8000A3674D /* DetailsViewController.xib */; };
		3A38BE23257E9C8000A3674D /* DetailsWireframe.swift in Sources */ = {isa = PBXBuildFile; fileRef = 3A38BE1D257E9C8000A3674D /* DetailsWireframe.swift */; };
		3A38BE2B257E9D2200A3674D /* PresenterInterface.swift in Sources */ = {isa = PBXBuildFile; fileRef = 3A38BE26257E9D2200A3674D /* PresenterInterface.swift */; };
		3A38BE2C257E9D2200A3674D /* FormatterInterface.swift in Sources */ = {isa = PBXBuildFile; fileRef = 3A38BE27257E9D2200A3674D /* FormatterInterface.swift */; };
		3A38BE2D257E9D2200A3674D /* BaseWireframe.swift in Sources */ = {isa = PBXBuildFile; fileRef = 3A38BE28257E9D2200A3674D /* BaseWireframe.swift */; };
		3A38BE2E257E9D2200A3674D /* InteractorInterface.swift in Sources */ = {isa = PBXBuildFile; fileRef = 3A38BE29257E9D2200A3674D /* InteractorInterface.swift */; };
		3A38BE2F257E9D2200A3674D /* ViewInterface.swift in Sources */ = {isa = PBXBuildFile; fileRef = 3A38BE2A257E9D2200A3674D /* ViewInterface.swift */; };
		3A38BE33257E9FC300A3674D /* BaseTableView.swift in Sources */ = {isa = PBXBuildFile; fileRef = 3A38BE32257E9FC300A3674D /* BaseTableView.swift */; };
		3A38BE36257EA31700A3674D /* BaseViewController.swift in Sources */ = {isa = PBXBuildFile; fileRef = 3A38BE35257EA31700A3674D /* BaseViewController.swift */; };
		3A4D3CD7257EA77400BD5281 /* UITableView+Ex.swift in Sources */ = {isa = PBXBuildFile; fileRef = 3A4D3CD6257EA77400BD5281 /* UITableView+Ex.swift */; };
		3A4D3CDB257EAB4800BD5281 /* BaseNavigationController.swift in Sources */ = {isa = PBXBuildFile; fileRef = 3A4D3CDA257EAB4800BD5281 /* BaseNavigationController.swift */; };
		3A4D3CE0257EAC1300BD5281 /* NavigationThemeInitializer.swift in Sources */ = {isa = PBXBuildFile; fileRef = 3A4D3CDE257EAC1300BD5281 /* NavigationThemeInitializer.swift */; };
		3A4D3CE1257EAC1300BD5281 /* Initializer.swift in Sources */ = {isa = PBXBuildFile; fileRef = 3A4D3CDF257EAC1300BD5281 /* Initializer.swift */; };
		3A4D3CE5257EB42100BD5281 /* Constants.swift in Sources */ = {isa = PBXBuildFile; fileRef = 3A4D3CE4257EB42100BD5281 /* Constants.swift */; };
		3A4D3CEA257EB93E00BD5281 /* GitTableViewCell.swift in Sources */ = {isa = PBXBuildFile; fileRef = 3A4D3CE8257EB93E00BD5281 /* GitTableViewCell.swift */; };
		3A4D3CEB257EB93E00BD5281 /* GitTableViewCell.xib in Resources */ = {isa = PBXBuildFile; fileRef = 3A4D3CE9257EB93E00BD5281 /* GitTableViewCell.xib */; };
		3A4D3CEE257F618B00BD5281 /* RepoModel.swift in Sources */ = {isa = PBXBuildFile; fileRef = 3A4D3CED257F618B00BD5281 /* RepoModel.swift */; };
		3A4D3CF2257F621F00BD5281 /* Enums.swift in Sources */ = {isa = PBXBuildFile; fileRef = 3A4D3CF1257F621F00BD5281 /* Enums.swift */; };
		3A4D3D04257FAAEF00BD5281 /* EndPointType.swift in Sources */ = {isa = PBXBuildFile; fileRef = 3A4D3D03257FAAEF00BD5281 /* EndPointType.swift */; };
		3A4D3D07257FABD500BD5281 /* HTTPMethod.swift in Sources */ = {isa = PBXBuildFile; fileRef = 3A4D3D06257FABD500BD5281 /* HTTPMethod.swift */; };
		3A4D3D0A257FAC8300BD5281 /* HTTPTask.swift in Sources */ = {isa = PBXBuildFile; fileRef = 3A4D3D09257FAC8300BD5281 /* HTTPTask.swift */; };
		3A4D3D0D257FADCF00BD5281 /* ParameterEncoding.swift in Sources */ = {isa = PBXBuildFile; fileRef = 3A4D3D0C257FADCF00BD5281 /* ParameterEncoding.swift */; };
		3A4D3D10257FAEF700BD5281 /* NetworkError.swift in Sources */ = {isa = PBXBuildFile; fileRef = 3A4D3D0F257FAEF700BD5281 /* NetworkError.swift */; };
		3A4D3D13257FAFAA00BD5281 /* URLParameterEncoder.swift in Sources */ = {isa = PBXBuildFile; fileRef = 3A4D3D12257FAFAA00BD5281 /* URLParameterEncoder.swift */; };
		3A4D3D16257FBD9900BD5281 /* JSONParameterEncoder.swift in Sources */ = {isa = PBXBuildFile; fileRef = 3A4D3D15257FBD9900BD5281 /* JSONParameterEncoder.swift */; };
		3A4D3D19257FBEB700BD5281 /* NetworkRouter.swift in Sources */ = {isa = PBXBuildFile; fileRef = 3A4D3D18257FBEB700BD5281 /* NetworkRouter.swift */; };
		3A4D3D1C257FDC4300BD5281 /* GitEndPoint.swift in Sources */ = {isa = PBXBuildFile; fileRef = 3A4D3D1B257FDC4300BD5281 /* GitEndPoint.swift */; };
		3A4D3D1F257FDDB200BD5281 /* GitNetworkManager.swift in Sources */ = {isa = PBXBuildFile; fileRef = 3A4D3D1E257FDDB200BD5281 /* GitNetworkManager.swift */; };
		3A4D3D2325802C7700BD5281 /* BaseSearchController.swift in Sources */ = {isa = PBXBuildFile; fileRef = 3A4D3D2225802C7700BD5281 /* BaseSearchController.swift */; };
/* End PBXBuildFile section */

/* Begin PBXFileReference section */
		3A38BDE0257E91A800A3674D /* GitHubFinder.app */ = {isa = PBXFileReference; explicitFileType = wrapper.application; includeInIndex = 0; path = GitHubFinder.app; sourceTree = BUILT_PRODUCTS_DIR; };
		3A38BDE3257E91A800A3674D /* AppDelegate.swift */ = {isa = PBXFileReference; lastKnownFileType = sourcecode.swift; path = AppDelegate.swift; sourceTree = "<group>"; };
		3A38BDE5257E91A800A3674D /* SceneDelegate.swift */ = {isa = PBXFileReference; lastKnownFileType = sourcecode.swift; path = SceneDelegate.swift; sourceTree = "<group>"; };
		3A38BDEC257E91AC00A3674D /* Assets.xcassets */ = {isa = PBXFileReference; lastKnownFileType = folder.assetcatalog; path = Assets.xcassets; sourceTree = "<group>"; };
		3A38BDEF257E91AC00A3674D /* Base */ = {isa = PBXFileReference; lastKnownFileType = file.storyboard; name = Base; path = Base.lproj/LaunchScreen.storyboard; sourceTree = "<group>"; };
		3A38BDF1257E91AC00A3674D /* Info.plist */ = {isa = PBXFileReference; lastKnownFileType = text.plist.xml; path = Info.plist; sourceTree = "<group>"; };
		3A38BE08257E9BB300A3674D /* HomeInterfaces.swift */ = {isa = PBXFileReference; lastKnownFileType = sourcecode.swift; path = HomeInterfaces.swift; sourceTree = "<group>"; };
		3A38BE09257E9BB300A3674D /* HomePresenter.swift */ = {isa = PBXFileReference; lastKnownFileType = sourcecode.swift; path = HomePresenter.swift; sourceTree = "<group>"; };
		3A38BE0A257E9BB300A3674D /* HomeViewController.swift */ = {isa = PBXFileReference; lastKnownFileType = sourcecode.swift; path = HomeViewController.swift; sourceTree = "<group>"; };
		3A38BE0B257E9BB300A3674D /* HomeInteractor.swift */ = {isa = PBXFileReference; lastKnownFileType = sourcecode.swift; path = HomeInteractor.swift; sourceTree = "<group>"; };
		3A38BE0C257E9BB300A3674D /* HomeViewController.xib */ = {isa = PBXFileReference; lastKnownFileType = file.xib; path = HomeViewController.xib; sourceTree = "<group>"; };
		3A38BE0D257E9BB300A3674D /* HomeWireframe.swift */ = {isa = PBXFileReference; lastKnownFileType = sourcecode.swift; path = HomeWireframe.swift; sourceTree = "<group>"; };
		3A38BE18257E9C8000A3674D /* DetailsInterfaces.swift */ = {isa = PBXFileReference; lastKnownFileType = sourcecode.swift; path = DetailsInterfaces.swift; sourceTree = "<group>"; };
		3A38BE19257E9C8000A3674D /* DetailsPresenter.swift */ = {isa = PBXFileReference; lastKnownFileType = sourcecode.swift; path = DetailsPresenter.swift; sourceTree = "<group>"; };
		3A38BE1A257E9C8000A3674D /* DetailsViewController.swift */ = {isa = PBXFileReference; lastKnownFileType = sourcecode.swift; path = DetailsViewController.swift; sourceTree = "<group>"; };
		3A38BE1B257E9C8000A3674D /* DetailsInteractor.swift */ = {isa = PBXFileReference; lastKnownFileType = sourcecode.swift; path = DetailsInteractor.swift; sourceTree = "<group>"; };
		3A38BE1C257E9C8000A3674D /* DetailsViewController.xib */ = {isa = PBXFileReference; lastKnownFileType = file.xib; path = DetailsViewController.xib; sourceTree = "<group>"; };
		3A38BE1D257E9C8000A3674D /* DetailsWireframe.swift */ = {isa = PBXFileReference; lastKnownFileType = sourcecode.swift; path = DetailsWireframe.swift; sourceTree = "<group>"; };
		3A38BE26257E9D2200A3674D /* PresenterInterface.swift */ = {isa = PBXFileReference; fileEncoding = 4; lastKnownFileType = sourcecode.swift; path = PresenterInterface.swift; sourceTree = "<group>"; };
		3A38BE27257E9D2200A3674D /* FormatterInterface.swift */ = {isa = PBXFileReference; fileEncoding = 4; lastKnownFileType = sourcecode.swift; path = FormatterInterface.swift; sourceTree = "<group>"; };
		3A38BE28257E9D2200A3674D /* BaseWireframe.swift */ = {isa = PBXFileReference; fileEncoding = 4; lastKnownFileType = sourcecode.swift; path = BaseWireframe.swift; sourceTree = "<group>"; };
		3A38BE29257E9D2200A3674D /* InteractorInterface.swift */ = {isa = PBXFileReference; fileEncoding = 4; lastKnownFileType = sourcecode.swift; path = InteractorInterface.swift; sourceTree = "<group>"; };
		3A38BE2A257E9D2200A3674D /* ViewInterface.swift */ = {isa = PBXFileReference; fileEncoding = 4; lastKnownFileType = sourcecode.swift; path = ViewInterface.swift; sourceTree = "<group>"; };
		3A38BE32257E9FC300A3674D /* BaseTableView.swift */ = {isa = PBXFileReference; lastKnownFileType = sourcecode.swift; path = BaseTableView.swift; sourceTree = "<group>"; };
		3A38BE35257EA31700A3674D /* BaseViewController.swift */ = {isa = PBXFileReference; lastKnownFileType = sourcecode.swift; path = BaseViewController.swift; sourceTree = "<group>"; };
		3A4D3CD6257EA77400BD5281 /* UITableView+Ex.swift */ = {isa = PBXFileReference; lastKnownFileType = sourcecode.swift; path = "UITableView+Ex.swift"; sourceTree = "<group>"; };
		3A4D3CDA257EAB4800BD5281 /* BaseNavigationController.swift */ = {isa = PBXFileReference; lastKnownFileType = sourcecode.swift; path = BaseNavigationController.swift; sourceTree = "<group>"; };
		3A4D3CDE257EAC1300BD5281 /* NavigationThemeInitializer.swift */ = {isa = PBXFileReference; fileEncoding = 4; lastKnownFileType = sourcecode.swift; path = NavigationThemeInitializer.swift; sourceTree = "<group>"; };
		3A4D3CDF257EAC1300BD5281 /* Initializer.swift */ = {isa = PBXFileReference; fileEncoding = 4; lastKnownFileType = sourcecode.swift; path = Initializer.swift; sourceTree = "<group>"; };
		3A4D3CE4257EB42100BD5281 /* Constants.swift */ = {isa = PBXFileReference; lastKnownFileType = sourcecode.swift; path = Constants.swift; sourceTree = "<group>"; };
		3A4D3CE8257EB93E00BD5281 /* GitTableViewCell.swift */ = {isa = PBXFileReference; lastKnownFileType = sourcecode.swift; path = GitTableViewCell.swift; sourceTree = "<group>"; };
		3A4D3CE9257EB93E00BD5281 /* GitTableViewCell.xib */ = {isa = PBXFileReference; lastKnownFileType = file.xib; path = GitTableViewCell.xib; sourceTree = "<group>"; };
		3A4D3CED257F618B00BD5281 /* RepoModel.swift */ = {isa = PBXFileReference; lastKnownFileType = sourcecode.swift; path = RepoModel.swift; sourceTree = "<group>"; };
		3A4D3CF1257F621F00BD5281 /* Enums.swift */ = {isa = PBXFileReference; lastKnownFileType = sourcecode.swift; path = Enums.swift; sourceTree = "<group>"; };
		3A4D3D03257FAAEF00BD5281 /* EndPointType.swift */ = {isa = PBXFileReference; lastKnownFileType = sourcecode.swift; path = EndPointType.swift; sourceTree = "<group>"; };
		3A4D3D06257FABD500BD5281 /* HTTPMethod.swift */ = {isa = PBXFileReference; lastKnownFileType = sourcecode.swift; path = HTTPMethod.swift; sourceTree = "<group>"; };
		3A4D3D09257FAC8300BD5281 /* HTTPTask.swift */ = {isa = PBXFileReference; lastKnownFileType = sourcecode.swift; path = HTTPTask.swift; sourceTree = "<group>"; };
		3A4D3D0C257FADCF00BD5281 /* ParameterEncoding.swift */ = {isa = PBXFileReference; lastKnownFileType = sourcecode.swift; path = ParameterEncoding.swift; sourceTree = "<group>"; };
		3A4D3D0F257FAEF700BD5281 /* NetworkError.swift */ = {isa = PBXFileReference; lastKnownFileType = sourcecode.swift; path = NetworkError.swift; sourceTree = "<group>"; };
		3A4D3D12257FAFAA00BD5281 /* URLParameterEncoder.swift */ = {isa = PBXFileReference; lastKnownFileType = sourcecode.swift; path = URLParameterEncoder.swift; sourceTree = "<group>"; };
		3A4D3D15257FBD9900BD5281 /* JSONParameterEncoder.swift */ = {isa = PBXFileReference; lastKnownFileType = sourcecode.swift; path = JSONParameterEncoder.swift; sourceTree = "<group>"; };
		3A4D3D18257FBEB700BD5281 /* NetworkRouter.swift */ = {isa = PBXFileReference; lastKnownFileType = sourcecode.swift; path = NetworkRouter.swift; sourceTree = "<group>"; };
		3A4D3D1B257FDC4300BD5281 /* GitEndPoint.swift */ = {isa = PBXFileReference; lastKnownFileType = sourcecode.swift; path = GitEndPoint.swift; sourceTree = "<group>"; };
		3A4D3D1E257FDDB200BD5281 /* GitNetworkManager.swift */ = {isa = PBXFileReference; lastKnownFileType = sourcecode.swift; path = GitNetworkManager.swift; sourceTree = "<group>"; };
		3A4D3D2225802C7700BD5281 /* BaseSearchController.swift */ = {isa = PBXFileReference; lastKnownFileType = sourcecode.swift; path = BaseSearchController.swift; sourceTree = "<group>"; };
/* End PBXFileReference section */

/* Begin PBXFrameworksBuildPhase section */
		3A38BDDD257E91A800A3674D /* Frameworks */ = {
			isa = PBXFrameworksBuildPhase;
			buildActionMask = 2147483647;
			files = (
			);
			runOnlyForDeploymentPostprocessing = 0;
		};
/* End PBXFrameworksBuildPhase section */

/* Begin PBXGroup section */
		3A38BDD7257E91A800A3674D = {
			isa = PBXGroup;
			children = (
				3A38BDE2257E91A800A3674D /* GitHubFinder */,
				3A38BDE1257E91A800A3674D /* Products */,
			);
			sourceTree = "<group>";
		};
		3A38BDE1257E91A800A3674D /* Products */ = {
			isa = PBXGroup;
			children = (
				3A38BDE0257E91A800A3674D /* GitHubFinder.app */,
			);
			name = Products;
			sourceTree = "<group>";
		};
		3A38BDE2257E91A800A3674D /* GitHubFinder */ = {
			isa = PBXGroup;
			children = (
				3A38BE31257E9FA100A3674D /* Views */,
				3A38BDF9257E973A00A3674D /* Application */,
				3A38BE02257E987E00A3674D /* Common */,
				3A38BDFF257E979D00A3674D /* Resources */,
				3A38BE00257E97B100A3674D /* SupportingFiles */,
				3A38BDFE257E978C00A3674D /* Modules */,
			);
			path = GitHubFinder;
			sourceTree = "<group>";
		};
		3A38BDF9257E973A00A3674D /* Application */ = {
			isa = PBXGroup;
			children = (
				3A4D3CDD257EAC1300BD5281 /* Initializers */,
				3A38BDE3257E91A800A3674D /* AppDelegate.swift */,
				3A38BDE5257E91A800A3674D /* SceneDelegate.swift */,
				3A4D3CE4257EB42100BD5281 /* Constants.swift */,
			);
			path = Application;
			sourceTree = "<group>";
		};
		3A38BDFE257E978C00A3674D /* Modules */ = {
			isa = PBXGroup;
			children = (
				3A38BE15257E9C1D00A3674D /* Home */,
				3A38BE17257E9C2900A3674D /* Details */,
			);
			path = Modules;
			sourceTree = "<group>";
		};
		3A38BDFF257E979D00A3674D /* Resources */ = {
			isa = PBXGroup;
			children = (
				3A38BDEC257E91AC00A3674D /* Assets.xcassets */,
			);
			path = Resources;
			sourceTree = "<group>";
		};
		3A38BE00257E97B100A3674D /* SupportingFiles */ = {
			isa = PBXGroup;
			children = (
				3A38BDEE257E91AC00A3674D /* LaunchScreen.storyboard */,
				3A38BDF1257E91AC00A3674D /* Info.plist */,
			);
			path = SupportingFiles;
			sourceTree = "<group>";
		};
		3A38BE02257E987E00A3674D /* Common */ = {
			isa = PBXGroup;
			children = (
				3A4D3CF0257F61F700BD5281 /* Enums etc */,
				3A4D3CD5257EA73800BD5281 /* Extensions */,
				3A38BE04257E98B000A3674D /* Models */,
				3A38BE05257E98B900A3674D /* Services */,
				3A38BE25257E9C9100A3674D /* VIPER */,
			);
			path = Common;
			sourceTree = "<group>";
		};
		3A38BE04257E98B000A3674D /* Models */ = {
			isa = PBXGroup;
			children = (
				3A4D3CED257F618B00BD5281 /* RepoModel.swift */,
			);
			path = Models;
			sourceTree = "<group>";
		};
		3A38BE05257E98B900A3674D /* Services */ = {
			isa = PBXGroup;
			children = (
				3A4D3CFE257FAA6800BD5281 /* Networking */,
			);
			path = Services;
			sourceTree = "<group>";
		};
		3A38BE15257E9C1D00A3674D /* Home */ = {
			isa = PBXGroup;
			children = (
				3A38BE08257E9BB300A3674D /* HomeInterfaces.swift */,
				3A38BE09257E9BB300A3674D /* HomePresenter.swift */,
				3A38BE0A257E9BB300A3674D /* HomeViewController.swift */,
				3A38BE0B257E9BB300A3674D /* HomeInteractor.swift */,
				3A38BE0C257E9BB300A3674D /* HomeViewController.xib */,
				3A38BE0D257E9BB300A3674D /* HomeWireframe.swift */,
			);
			path = Home;
			sourceTree = "<group>";
		};
		3A38BE17257E9C2900A3674D /* Details */ = {
			isa = PBXGroup;
			children = (
				3A38BE18257E9C8000A3674D /* DetailsInterfaces.swift */,
				3A38BE19257E9C8000A3674D /* DetailsPresenter.swift */,
				3A38BE1A257E9C8000A3674D /* DetailsViewController.swift */,
				3A38BE1B257E9C8000A3674D /* DetailsInteractor.swift */,
				3A38BE1C257E9C8000A3674D /* DetailsViewController.xib */,
				3A38BE1D257E9C8000A3674D /* DetailsWireframe.swift */,
			);
			path = Details;
			sourceTree = "<group>";
		};
		3A38BE25257E9C9100A3674D /* VIPER */ = {
			isa = PBXGroup;
			children = (
				3A38BE28257E9D2200A3674D /* BaseWireframe.swift */,
				3A38BE27257E9D2200A3674D /* FormatterInterface.swift */,
				3A38BE29257E9D2200A3674D /* InteractorInterface.swift */,
				3A38BE26257E9D2200A3674D /* PresenterInterface.swift */,
				3A38BE2A257E9D2200A3674D /* ViewInterface.swift */,
			);
			path = VIPER;
			sourceTree = "<group>";
		};
		3A38BE31257E9FA100A3674D /* Views */ = {
			isa = PBXGroup;
			children = (
				3A4D3CE7257EB8FF00BD5281 /* Cells */,
				3A4D3CFC257FA79600BD5281 /* BaseViewsClasses */,
			);
			path = Views;
			sourceTree = "<group>";
		};
		3A4D3CD5257EA73800BD5281 /* Extensions */ = {
			isa = PBXGroup;
			children = (
				3A4D3CD6257EA77400BD5281 /* UITableView+Ex.swift */,
			);
			path = Extensions;
			sourceTree = "<group>";
		};
		3A4D3CDD257EAC1300BD5281 /* Initializers */ = {
			isa = PBXGroup;
			children = (
				3A4D3CDF257EAC1300BD5281 /* Initializer.swift */,
				3A4D3CDE257EAC1300BD5281 /* NavigationThemeInitializer.swift */,
			);
			path = Initializers;
			sourceTree = "<group>";
		};
		3A4D3CE7257EB8FF00BD5281 /* Cells */ = {
			isa = PBXGroup;
			children = (
				3A4D3CE8257EB93E00BD5281 /* GitTableViewCell.swift */,
				3A4D3CE9257EB93E00BD5281 /* GitTableViewCell.xib */,
			);
			path = Cells;
			sourceTree = "<group>";
		};
		3A4D3CF0257F61F700BD5281 /* Enums etc */ = {
			isa = PBXGroup;
			children = (
				3A4D3CF1257F621F00BD5281 /* Enums.swift */,
			);
			path = "Enums etc";
			sourceTree = "<group>";
		};
		3A4D3CFC257FA79600BD5281 /* BaseViewsClasses */ = {
			isa = PBXGroup;
			children = (
				3A38BE32257E9FC300A3674D /* BaseTableView.swift */,
				3A38BE35257EA31700A3674D /* BaseViewController.swift */,
				3A4D3CDA257EAB4800BD5281 /* BaseNavigationController.swift */,
				3A4D3D2225802C7700BD5281 /* BaseSearchController.swift */,
			);
			path = BaseViewsClasses;
			sourceTree = "<group>";
		};
		3A4D3CFE257FAA6800BD5281 /* Networking */ = {
			isa = PBXGroup;
			children = (
				3A4D3CFF257FAA7E00BD5281 /* EndPoint */,
				3A4D3D00257FAA8C00BD5281 /* Manager */,
				3A4D3D01257FAA9400BD5281 /* Service */,
				3A4D3D02257FAAAA00BD5281 /* Encoding */,
			);
			path = Networking;
			sourceTree = "<group>";
		};
		3A4D3CFF257FAA7E00BD5281 /* EndPoint */ = {
			isa = PBXGroup;
			children = (
				3A4D3D1B257FDC4300BD5281 /* GitEndPoint.swift */,
			);
			path = EndPoint;
			sourceTree = "<group>";
		};
		3A4D3D00257FAA8C00BD5281 /* Manager */ = {
			isa = PBXGroup;
			children = (
				3A4D3D1E257FDDB200BD5281 /* GitNetworkManager.swift */,
			);
			path = Manager;
			sourceTree = "<group>";
		};
		3A4D3D01257FAA9400BD5281 /* Service */ = {
			isa = PBXGroup;
			children = (
				3A4D3D03257FAAEF00BD5281 /* EndPointType.swift */,
				3A4D3D06257FABD500BD5281 /* HTTPMethod.swift */,
				3A4D3D09257FAC8300BD5281 /* HTTPTask.swift */,
				3A4D3D0F257FAEF700BD5281 /* NetworkError.swift */,
				3A4D3D18257FBEB700BD5281 /* NetworkRouter.swift */,
			);
			path = Service;
			sourceTree = "<group>";
		};
		3A4D3D02257FAAAA00BD5281 /* Encoding */ = {
			isa = PBXGroup;
			children = (
				3A4D3D0C257FADCF00BD5281 /* ParameterEncoding.swift */,
				3A4D3D12257FAFAA00BD5281 /* URLParameterEncoder.swift */,
				3A4D3D15257FBD9900BD5281 /* JSONParameterEncoder.swift */,
			);
			path = Encoding;
			sourceTree = "<group>";
		};
/* End PBXGroup section */

/* Begin PBXNativeTarget section */
		3A38BDDF257E91A800A3674D /* GitHubFinder */ = {
			isa = PBXNativeTarget;
			buildConfigurationList = 3A38BDF4257E91AC00A3674D /* Build configuration list for PBXNativeTarget "GitHubFinder" */;
			buildPhases = (
				3A38BDDC257E91A800A3674D /* Sources */,
				3A38BDDD257E91A800A3674D /* Frameworks */,
				3A38BDDE257E91A800A3674D /* Resources */,
			);
			buildRules = (
			);
			dependencies = (
			);
			name = GitHubFinder;
			productName = GitHubFinder;
			productReference = 3A38BDE0257E91A800A3674D /* GitHubFinder.app */;
			productType = "com.apple.product-type.application";
		};
/* End PBXNativeTarget section */

/* Begin PBXProject section */
		3A38BDD8257E91A800A3674D /* Project object */ = {
			isa = PBXProject;
			attributes = {
				LastSwiftUpdateCheck = 1220;
				LastUpgradeCheck = 1220;
				TargetAttributes = {
					3A38BDDF257E91A800A3674D = {
						CreatedOnToolsVersion = 12.2;
					};
				};
			};
			buildConfigurationList = 3A38BDDB257E91A800A3674D /* Build configuration list for PBXProject "GitHubFinder" */;
			compatibilityVersion = "Xcode 9.3";
			developmentRegion = en;
			hasScannedForEncodings = 0;
			knownRegions = (
				en,
				Base,
			);
			mainGroup = 3A38BDD7257E91A800A3674D;
			productRefGroup = 3A38BDE1257E91A800A3674D /* Products */;
			projectDirPath = "";
			projectRoot = "";
			targets = (
				3A38BDDF257E91A800A3674D /* GitHubFinder */,
			);
		};
/* End PBXProject section */

/* Begin PBXResourcesBuildPhase section */
		3A38BDDE257E91A800A3674D /* Resources */ = {
			isa = PBXResourcesBuildPhase;
			buildActionMask = 2147483647;
			files = (
				3A38BDF0257E91AC00A3674D /* LaunchScreen.storyboard in Resources */,
				3A4D3CEB257EB93E00BD5281 /* GitTableViewCell.xib in Resources */,
				3A38BDED257E91AC00A3674D /* Assets.xcassets in Resources */,
				3A38BE12257E9BB300A3674D /* HomeViewController.xib in Resources */,
				3A38BE22257E9C8000A3674D /* DetailsViewController.xib in Resources */,
			);
			runOnlyForDeploymentPostprocessing = 0;
		};
/* End PBXResourcesBuildPhase section */

/* Begin PBXSourcesBuildPhase section */
		3A38BDDC257E91A800A3674D /* Sources */ = {
			isa = PBXSourcesBuildPhase;
			buildActionMask = 2147483647;
			files = (
				3A38BE2E257E9D2200A3674D /* InteractorInterface.swift in Sources */,
				3A4D3D10257FAEF700BD5281 /* NetworkError.swift in Sources */,
				3A38BE1E257E9C8000A3674D /* DetailsInterfaces.swift in Sources */,
				3A38BE21257E9C8000A3674D /* DetailsInteractor.swift in Sources */,
				3A38BE10257E9BB300A3674D /* HomeViewController.swift in Sources */,
				3A38BE36257EA31700A3674D /* BaseViewController.swift in Sources */,
				3A4D3D2325802C7700BD5281 /* BaseSearchController.swift in Sources */,
				3A38BE33257E9FC300A3674D /* BaseTableView.swift in Sources */,
				3A4D3D0A257FAC8300BD5281 /* HTTPTask.swift in Sources */,
				3A38BE1F257E9C8000A3674D /* DetailsPresenter.swift in Sources */,
				3A38BE0E257E9BB300A3674D /* HomeInterfaces.swift in Sources */,
				3A4D3CDB257EAB4800BD5281 /* BaseNavigationController.swift in Sources */,
				3A38BDE4257E91A800A3674D /* AppDelegate.swift in Sources */,
				3A4D3CEA257EB93E00BD5281 /* GitTableViewCell.swift in Sources */,
				3A4D3CEE257F618B00BD5281 /* RepoModel.swift in Sources */,
				3A4D3D16257FBD9900BD5281 /* JSONParameterEncoder.swift in Sources */,
				3A38BE2D257E9D2200A3674D /* BaseWireframe.swift in Sources */,
				3A38BE13257E9BB300A3674D /* HomeWireframe.swift in Sources */,
				3A38BE11257E9BB300A3674D /* HomeInteractor.swift in Sources */,
				3A4D3CD7257EA77400BD5281 /* UITableView+Ex.swift in Sources */,
				3A4D3D1F257FDDB200BD5281 /* GitNetworkManager.swift in Sources */,
				3A4D3CF2257F621F00BD5281 /* Enums.swift in Sources */,
				3A4D3D07257FABD500BD5281 /* HTTPMethod.swift in Sources */,
				3A4D3D1C257FDC4300BD5281 /* GitEndPoint.swift in Sources */,
				3A4D3CE0257EAC1300BD5281 /* NavigationThemeInitializer.swift in Sources */,
				3A38BE20257E9C8000A3674D /* DetailsViewController.swift in Sources */,
				3A4D3CE1257EAC1300BD5281 /* Initializer.swift in Sources */,
				3A4D3D13257FAFAA00BD5281 /* URLParameterEncoder.swift in Sources */,
				3A4D3D04257FAAEF00BD5281 /* EndPointType.swift in Sources */,
				3A38BE2F257E9D2200A3674D /* ViewInterface.swift in Sources */,
				3A4D3D19257FBEB700BD5281 /* NetworkRouter.swift in Sources */,
				3A38BE2B257E9D2200A3674D /* PresenterInterface.swift in Sources */,
				3A38BE23257E9C8000A3674D /* DetailsWireframe.swift in Sources */,
				3A38BDE6257E91A800A3674D /* SceneDelegate.swift in Sources */,
				3A4D3D0D257FADCF00BD5281 /* ParameterEncoding.swift in Sources */,
				3A38BE2C257E9D2200A3674D /* FormatterInterface.swift in Sources */,
				3A38BE0F257E9BB300A3674D /* HomePresenter.swift in Sources */,
				3A4D3CE5257EB42100BD5281 /* Constants.swift in Sources */,
			);
			runOnlyForDeploymentPostprocessing = 0;
		};
/* End PBXSourcesBuildPhase section */

/* Begin PBXVariantGroup section */
		3A38BDEE257E91AC00A3674D /* LaunchScreen.storyboard */ = {
			isa = PBXVariantGroup;
			children = (
				3A38BDEF257E91AC00A3674D /* Base */,
			);
			name = LaunchScreen.storyboard;
			sourceTree = "<group>";
		};
/* End PBXVariantGroup section */

/* Begin XCBuildConfiguration section */
		3A38BDF2257E91AC00A3674D /* Debug */ = {
			isa = XCBuildConfiguration;
			buildSettings = {
				ALWAYS_SEARCH_USER_PATHS = NO;
				CLANG_ANALYZER_NONNULL = YES;
				CLANG_ANALYZER_NUMBER_OBJECT_CONVERSION = YES_AGGRESSIVE;
				CLANG_CXX_LANGUAGE_STANDARD = "gnu++14";
				CLANG_CXX_LIBRARY = "libc++";
				CLANG_ENABLE_MODULES = YES;
				CLANG_ENABLE_OBJC_ARC = YES;
				CLANG_ENABLE_OBJC_WEAK = YES;
				CLANG_WARN_BLOCK_CAPTURE_AUTORELEASING = YES;
				CLANG_WARN_BOOL_CONVERSION = YES;
				CLANG_WARN_COMMA = YES;
				CLANG_WARN_CONSTANT_CONVERSION = YES;
				CLANG_WARN_DEPRECATED_OBJC_IMPLEMENTATIONS = YES;
				CLANG_WARN_DIRECT_OBJC_ISA_USAGE = YES_ERROR;
				CLANG_WARN_DOCUMENTATION_COMMENTS = YES;
				CLANG_WARN_EMPTY_BODY = YES;
				CLANG_WARN_ENUM_CONVERSION = YES;
				CLANG_WARN_INFINITE_RECURSION = YES;
				CLANG_WARN_INT_CONVERSION = YES;
				CLANG_WARN_NON_LITERAL_NULL_CONVERSION = YES;
				CLANG_WARN_OBJC_IMPLICIT_RETAIN_SELF = YES;
				CLANG_WARN_OBJC_LITERAL_CONVERSION = YES;
				CLANG_WARN_OBJC_ROOT_CLASS = YES_ERROR;
				CLANG_WARN_QUOTED_INCLUDE_IN_FRAMEWORK_HEADER = YES;
				CLANG_WARN_RANGE_LOOP_ANALYSIS = YES;
				CLANG_WARN_STRICT_PROTOTYPES = YES;
				CLANG_WARN_SUSPICIOUS_MOVE = YES;
				CLANG_WARN_UNGUARDED_AVAILABILITY = YES_AGGRESSIVE;
				CLANG_WARN_UNREACHABLE_CODE = YES;
				CLANG_WARN__DUPLICATE_METHOD_MATCH = YES;
				COPY_PHASE_STRIP = NO;
				DEBUG_INFORMATION_FORMAT = dwarf;
				ENABLE_STRICT_OBJC_MSGSEND = YES;
				ENABLE_TESTABILITY = YES;
				GCC_C_LANGUAGE_STANDARD = gnu11;
				GCC_DYNAMIC_NO_PIC = NO;
				GCC_NO_COMMON_BLOCKS = YES;
				GCC_OPTIMIZATION_LEVEL = 0;
				GCC_PREPROCESSOR_DEFINITIONS = (
					"DEBUG=1",
					"$(inherited)",
				);
				GCC_WARN_64_TO_32_BIT_CONVERSION = YES;
				GCC_WARN_ABOUT_RETURN_TYPE = YES_ERROR;
				GCC_WARN_UNDECLARED_SELECTOR = YES;
				GCC_WARN_UNINITIALIZED_AUTOS = YES_AGGRESSIVE;
				GCC_WARN_UNUSED_FUNCTION = YES;
				GCC_WARN_UNUSED_VARIABLE = YES;
				IPHONEOS_DEPLOYMENT_TARGET = 14.2;
				MTL_ENABLE_DEBUG_INFO = INCLUDE_SOURCE;
				MTL_FAST_MATH = YES;
				ONLY_ACTIVE_ARCH = YES;
				SDKROOT = iphoneos;
				SWIFT_ACTIVE_COMPILATION_CONDITIONS = DEBUG;
				SWIFT_OPTIMIZATION_LEVEL = "-Onone";
			};
			name = Debug;
		};
		3A38BDF3257E91AC00A3674D /* Release */ = {
			isa = XCBuildConfiguration;
			buildSettings = {
				ALWAYS_SEARCH_USER_PATHS = NO;
				CLANG_ANALYZER_NONNULL = YES;
				CLANG_ANALYZER_NUMBER_OBJECT_CONVERSION = YES_AGGRESSIVE;
				CLANG_CXX_LANGUAGE_STANDARD = "gnu++14";
				CLANG_CXX_LIBRARY = "libc++";
				CLANG_ENABLE_MODULES = YES;
				CLANG_ENABLE_OBJC_ARC = YES;
				CLANG_ENABLE_OBJC_WEAK = YES;
				CLANG_WARN_BLOCK_CAPTURE_AUTORELEASING = YES;
				CLANG_WARN_BOOL_CONVERSION = YES;
				CLANG_WARN_COMMA = YES;
				CLANG_WARN_CONSTANT_CONVERSION = YES;
				CLANG_WARN_DEPRECATED_OBJC_IMPLEMENTATIONS = YES;
				CLANG_WARN_DIRECT_OBJC_ISA_USAGE = YES_ERROR;
				CLANG_WARN_DOCUMENTATION_COMMENTS = YES;
				CLANG_WARN_EMPTY_BODY = YES;
				CLANG_WARN_ENUM_CONVERSION = YES;
				CLANG_WARN_INFINITE_RECURSION = YES;
				CLANG_WARN_INT_CONVERSION = YES;
				CLANG_WARN_NON_LITERAL_NULL_CONVERSION = YES;
				CLANG_WARN_OBJC_IMPLICIT_RETAIN_SELF = YES;
				CLANG_WARN_OBJC_LITERAL_CONVERSION = YES;
				CLANG_WARN_OBJC_ROOT_CLASS = YES_ERROR;
				CLANG_WARN_QUOTED_INCLUDE_IN_FRAMEWORK_HEADER = YES;
				CLANG_WARN_RANGE_LOOP_ANALYSIS = YES;
				CLANG_WARN_STRICT_PROTOTYPES = YES;
				CLANG_WARN_SUSPICIOUS_MOVE = YES;
				CLANG_WARN_UNGUARDED_AVAILABILITY = YES_AGGRESSIVE;
				CLANG_WARN_UNREACHABLE_CODE = YES;
				CLANG_WARN__DUPLICATE_METHOD_MATCH = YES;
				COPY_PHASE_STRIP = NO;
				DEBUG_INFORMATION_FORMAT = "dwarf-with-dsym";
				ENABLE_NS_ASSERTIONS = NO;
				ENABLE_STRICT_OBJC_MSGSEND = YES;
				GCC_C_LANGUAGE_STANDARD = gnu11;
				GCC_NO_COMMON_BLOCKS = YES;
				GCC_WARN_64_TO_32_BIT_CONVERSION = YES;
				GCC_WARN_ABOUT_RETURN_TYPE = YES_ERROR;
				GCC_WARN_UNDECLARED_SELECTOR = YES;
				GCC_WARN_UNINITIALIZED_AUTOS = YES_AGGRESSIVE;
				GCC_WARN_UNUSED_FUNCTION = YES;
				GCC_WARN_UNUSED_VARIABLE = YES;
				IPHONEOS_DEPLOYMENT_TARGET = 14.2;
				MTL_ENABLE_DEBUG_INFO = NO;
				MTL_FAST_MATH = YES;
				SDKROOT = iphoneos;
				SWIFT_COMPILATION_MODE = wholemodule;
				SWIFT_OPTIMIZATION_LEVEL = "-O";
				VALIDATE_PRODUCT = YES;
			};
			name = Release;
		};
		3A38BDF5257E91AC00A3674D /* Debug */ = {
			isa = XCBuildConfiguration;
			buildSettings = {
				ASSETCATALOG_COMPILER_APPICON_NAME = AppIcon;
				ASSETCATALOG_COMPILER_GLOBAL_ACCENT_COLOR_NAME = AccentColor;
				CODE_SIGN_STYLE = Automatic;
				DEVELOPMENT_TEAM = 82RN25AVX5;
				INFOPLIST_FILE = GitHubFinder/SupportingFiles/Info.plist;
				IPHONEOS_DEPLOYMENT_TARGET = 13.0;
				LD_RUNPATH_SEARCH_PATHS = (
					"$(inherited)",
					"@executable_path/Frameworks",
				);
				PRODUCT_BUNDLE_IDENTIFIER = Shvets.com.GitHubFinder;
				PRODUCT_NAME = "$(TARGET_NAME)";
				SWIFT_VERSION = 5.0;
				TARGETED_DEVICE_FAMILY = "1,2";
			};
			name = Debug;
		};
		3A38BDF6257E91AC00A3674D /* Release */ = {
			isa = XCBuildConfiguration;
			buildSettings = {
				ASSETCATALOG_COMPILER_APPICON_NAME = AppIcon;
				ASSETCATALOG_COMPILER_GLOBAL_ACCENT_COLOR_NAME = AccentColor;
				CODE_SIGN_STYLE = Automatic;
				DEVELOPMENT_TEAM = 82RN25AVX5;
				INFOPLIST_FILE = GitHubFinder/SupportingFiles/Info.plist;
				IPHONEOS_DEPLOYMENT_TARGET = 13.0;
				LD_RUNPATH_SEARCH_PATHS = (
					"$(inherited)",
					"@executable_path/Frameworks",
				);
				PRODUCT_BUNDLE_IDENTIFIER = Shvets.com.GitHubFinder;
				PRODUCT_NAME = "$(TARGET_NAME)";
				SWIFT_VERSION = 5.0;
				TARGETED_DEVICE_FAMILY = "1,2";
			};
			name = Release;
		};
/* End XCBuildConfiguration section */

/* Begin XCConfigurationList section */
		3A38BDDB257E91A800A3674D /* Build configuration list for PBXProject "GitHubFinder" */ = {
			isa = XCConfigurationList;
			buildConfigurations = (
				3A38BDF2257E91AC00A3674D /* Debug */,
				3A38BDF3257E91AC00A3674D /* Release */,
			);
			defaultConfigurationIsVisible = 0;
			defaultConfigurationName = Release;
		};
		3A38BDF4257E91AC00A3674D /* Build configuration list for PBXNativeTarget "GitHubFinder" */ = {
			isa = XCConfigurationList;
			buildConfigurations = (
				3A38BDF5257E91AC00A3674D /* Debug */,
				3A38BDF6257E91AC00A3674D /* Release */,
			);
			defaultConfigurationIsVisible = 0;
			defaultConfigurationName = Release;
		};
/* End XCConfigurationList section */
	};
	rootObject = 3A38BDD8257E91A800A3674D /* Project object */;
}
